github.com/tinne26/badcli v0.0.0-20230225114131-a9828fa3b64e h1:HyDHuIgHKdcG4Zu6KnIHYElQEZkuBaeMGLFbFjy6LfM=
github.com/tinne26/badcli v0.0.0-20230225114131-a9828fa3b64e/go.mod h1:BNDfvSU/bWJwcXlWaqdSro2hNHcsUCHoZxwfwZlY2ig=
github.com/tinne26/badcli v0.0.0-20230225130110-dbc276998b73 h1:UVTIfJo8Z80TTj2EEr6zOFk9zqzQLSdH2v96rBV13ts=
github.com/tinne26/badcli v0.0.0-20230225130110-dbc276998b73/go.mod h1:BNDfvSU/bWJwcXlWaqdSro2hNHcsUCHoZxwfwZlY2ig=
github.com/tinne26/badcli v0.0.0-20230225130719-1b081f4d52de h1:mCyzkqHbaswiTb1wV6FqrAJR/xdBiTzVJIGfln/LOE0=
github.com/tinne26/badcli v0.0.0-20230225130719-1b081f4d52de/go.mod h1:BNDfvSU/bWJwcXlWaqdSro2hNHcsUCHoZxwfwZlY2ig=
